
Microsoft Visual Studio Solution File, Format Version 12.00
# Visual Studio Version 17
VisualStudioVersion = 17.3.32819.101
MinimumVisualStudioVersion = 10.0.40219.1
Project("{FAE04EC0-301F-11D3-BF4B-00C04F79EFBC}") = "BlazorApp2", "BlazorApp2\BlazorApp2.csproj", "{96D30250-599D-44A5-85EE-3A7F48EBF4A0}"
EndProject
Global
	GlobalSection(SolutionConfigurationPlatforms) = preSolution
		Debug|Any CPU = Debug|Any CPU
		Release|Any CPU = Release|Any CPU
	EndGlobalSection
	GlobalSection(ProjectConfigurationPlatforms) = postSolution
		{96D30250-599D-44A5-85EE-3A7F48EBF4A0}.Debug|Any CPU.ActiveCfg = Debug|Any CPU
		{96D30250-599D-44A5-85EE-3A7F48EBF4A0}.Debug|Any CPU.Build.0 = Debug|Any CPU
		{96D30250-599D-44A5-85EE-3A7F48EBF4A0}.Release|Any CPU.ActiveCfg = Release|Any CPU
		{96D30250-599D-44A5-85EE-3A7F48EBF4A0}.Release|Any CPU.Build.0 = Release|Any CPU
	EndGlobalSection
	GlobalSection(SolutionProperties) = preSolution
		HideSolutionNode = FALSE
	EndGlobalSection
	GlobalSection(ExtensibilityGlobals) = postSolution
		SolutionGuid = {D2360E37-D039-4193-8A34-0A1D6B67EC07}
	EndGlobalSection
EndGlobal
